// !$*UTF8*$!
{
	archiveVersion = 1;
	classes = {
	};
	objectVersion = 55;
	objects = {

/* Begin PBXBuildFile section */
		D312C2212742228100DF7E83 /* FacilitySearchController.swift in Sources */ = {isa = PBXBuildFile; fileRef = D312C2202742228100DF7E83 /* FacilitySearchController.swift */; };
		D312C2242742363C00DF7E83 /* Alamofire in Frameworks */ = {isa = PBXBuildFile; productRef = D312C2232742363C00DF7E83 /* Alamofire */; };
		D32B137A2738D8430039CC06 /* AppDelegate.swift in Sources */ = {isa = PBXBuildFile; fileRef = D32B13792738D8430039CC06 /* AppDelegate.swift */; };
		D32B137C2738D8430039CC06 /* SceneDelegate.swift in Sources */ = {isa = PBXBuildFile; fileRef = D32B137B2738D8430039CC06 /* SceneDelegate.swift */; };
		D32B137E2738D8430039CC06 /* SporevoMainController.swift in Sources */ = {isa = PBXBuildFile; fileRef = D32B137D2738D8430039CC06 /* SporevoMainController.swift */; };
		D32B13832738D8450039CC06 /* Assets.xcassets in Resources */ = {isa = PBXBuildFile; fileRef = D32B13822738D8450039CC06 /* Assets.xcassets */; };
		D32B13B7273901230039CC06 /* Anchor+Extension.swift in Sources */ = {isa = PBXBuildFile; fileRef = D32B13B6273901230039CC06 /* Anchor+Extension.swift */; };
		D32B13B9273902670039CC06 /* SearchOptions.swift in Sources */ = {isa = PBXBuildFile; fileRef = D32B13B8273902670039CC06 /* SearchOptions.swift */; };
		D32B13BE2739038A0039CC06 /* SearchCell.swift in Sources */ = {isa = PBXBuildFile; fileRef = D32B13BD2739038A0039CC06 /* SearchCell.swift */; };
		D32B13C0273904370039CC06 /* MainHeaderView.swift in Sources */ = {isa = PBXBuildFile; fileRef = D32B13BF273904370039CC06 /* MainHeaderView.swift */; };
		D32B13C227392BCC0039CC06 /* SearchListController.swift in Sources */ = {isa = PBXBuildFile; fileRef = D32B13C127392BCC0039CC06 /* SearchListController.swift */; };
		D32B13C4273931EB0039CC06 /* Constants.swift in Sources */ = {isa = PBXBuildFile; fileRef = D32B13C3273931EB0039CC06 /* Constants.swift */; };
		D32B13C6273944840039CC06 /* CustomSearchSectionHeader.swift in Sources */ = {isa = PBXBuildFile; fileRef = D32B13C5273944840039CC06 /* CustomSearchSectionHeader.swift */; };
		D32B13C8273960720039CC06 /* ContainerController.swift in Sources */ = {isa = PBXBuildFile; fileRef = D32B13C7273960720039CC06 /* ContainerController.swift */; };
		D32B13CA273961CD0039CC06 /* MenuController.swift in Sources */ = {isa = PBXBuildFile; fileRef = D32B13C9273961CD0039CC06 /* MenuController.swift */; };
		D32B13CC273964000039CC06 /* MenuOptions.swift in Sources */ = {isa = PBXBuildFile; fileRef = D32B13CB273964000039CC06 /* MenuOptions.swift */; };
		D32B13CE273965120039CC06 /* MenuOptionsCell.swift in Sources */ = {isa = PBXBuildFile; fileRef = D32B13CD273965120039CC06 /* MenuOptionsCell.swift */; };
		D32B13D0273A0E490039CC06 /* institutionCell.swift in Sources */ = {isa = PBXBuildFile; fileRef = D32B13CF273A0E480039CC06 /* institutionCell.swift */; };
		D32B13D2273A25E00039CC06 /* InstitutionDetailController.swift in Sources */ = {isa = PBXBuildFile; fileRef = D32B13D1273A25E00039CC06 /* InstitutionDetailController.swift */; };
		D32B13D6273A2FB70039CC06 /* InstitutionHeader.swift in Sources */ = {isa = PBXBuildFile; fileRef = D32B13D5273A2FB70039CC06 /* InstitutionHeader.swift */; };
		D32B13D8273A30FA0039CC06 /* CompetionView.swift in Sources */ = {isa = PBXBuildFile; fileRef = D32B13D7273A30FA0039CC06 /* CompetionView.swift */; };
		D32B13DC273A51C00039CC06 /* TagLabel.swift in Sources */ = {isa = PBXBuildFile; fileRef = D32B13DB273A51C00039CC06 /* TagLabel.swift */; };
		D32B13DE273A62460039CC06 /* SeachListCell.swift in Sources */ = {isa = PBXBuildFile; fileRef = D32B13DD273A62460039CC06 /* SeachListCell.swift */; };
		D32B8C4C2754770A0036FA98 /* Facility.swift in Sources */ = {isa = PBXBuildFile; fileRef = D32B8C4B2754770A0036FA98 /* Facility.swift */; };
		D32B8C4E27547D9B0036FA98 /* InstituationPresentar.swift in Sources */ = {isa = PBXBuildFile; fileRef = D32B8C4D27547D9B0036FA98 /* InstituationPresentar.swift */; };
		D32B8C50275486AD0036FA98 /* String+Extension.swift in Sources */ = {isa = PBXBuildFile; fileRef = D32B8C4F275486AD0036FA98 /* String+Extension.swift */; };
		D32B8C5227548E570036FA98 /* TagCell.swift in Sources */ = {isa = PBXBuildFile; fileRef = D32B8C5127548E570036FA98 /* TagCell.swift */; };
		D33D95A82745E114001FBC48 /* SearchMapController.swift in Sources */ = {isa = PBXBuildFile; fileRef = D33D95A72745E114001FBC48 /* SearchMapController.swift */; };
		D3459C1B278C16E000B61C6E /* AppState.swift in Sources */ = {isa = PBXBuildFile; fileRef = D3459C1A278C16E000B61C6E /* AppState.swift */; };
		D3459C1D278C170E00B61C6E /* DetailSearchState.swift in Sources */ = {isa = PBXBuildFile; fileRef = D3459C1C278C170E00B61C6E /* DetailSearchState.swift */; };
		D3459C22278C17BA00B61C6E /* AppReducer.swift in Sources */ = {isa = PBXBuildFile; fileRef = D3459C21278C17BA00B61C6E /* AppReducer.swift */; };
		D3459C24278C184000B61C6E /* DetailSearchReducer.swift in Sources */ = {isa = PBXBuildFile; fileRef = D3459C23278C184000B61C6E /* DetailSearchReducer.swift */; };
		D3459C26278C18AE00B61C6E /* DetailSearchAction.swift in Sources */ = {isa = PBXBuildFile; fileRef = D3459C25278C18AE00B61C6E /* DetailSearchAction.swift */; };
		D3459C28278C190100B61C6E /* DetailSearchActionCreator.swift in Sources */ = {isa = PBXBuildFile; fileRef = D3459C27278C190100B61C6E /* DetailSearchActionCreator.swift */; };
		D3459C2B278C403C00B61C6E /* FacilityEntity.swift in Sources */ = {isa = PBXBuildFile; fileRef = D3459C2A278C403C00B61C6E /* FacilityEntity.swift */; };
		D3459C2D278C408500B61C6E /* SportEntity.swift in Sources */ = {isa = PBXBuildFile; fileRef = D3459C2C278C408500B61C6E /* SportEntity.swift */; };
		D3459C2F278C40F300B61C6E /* TagEntity.swift in Sources */ = {isa = PBXBuildFile; fileRef = D3459C2E278C40F300B61C6E /* TagEntity.swift */; };
		D3459C31278C413900B61C6E /* FacilityTypeEntity.swift in Sources */ = {isa = PBXBuildFile; fileRef = D3459C30278C413900B61C6E /* FacilityTypeEntity.swift */; };
		D3459C33278C41B700B61C6E /* MoneyUnitsEntity.swift in Sources */ = {isa = PBXBuildFile; fileRef = D3459C32278C41B700B61C6E /* MoneyUnitsEntity.swift */; };
		D3459C35278C41E300B61C6E /* PriceUnitsEntity.swift in Sources */ = {isa = PBXBuildFile; fileRef = D3459C34278C41E300B61C6E /* PriceUnitsEntity.swift */; };
		D3459C37278C42BE00B61C6E /* PrefectureEntity.swift in Sources */ = {isa = PBXBuildFile; fileRef = D3459C36278C42BE00B61C6E /* PrefectureEntity.swift */; };
		D3459C39278C433100B61C6E /* CityEntity.swift in Sources */ = {isa = PBXBuildFile; fileRef = D3459C38278C433100B61C6E /* CityEntity.swift */; };
		D3459C3B278C443700B61C6E /* FacilityDetailEntity.swift in Sources */ = {isa = PBXBuildFile; fileRef = D3459C3A278C443700B61C6E /* FacilityDetailEntity.swift */; };
		D3459C40278DAD5D00B61C6E /* FacilityDetailReducer.swift in Sources */ = {isa = PBXBuildFile; fileRef = D3459C3F278DAD5D00B61C6E /* FacilityDetailReducer.swift */; };
		D3459C42278DAD9800B61C6E /* FacilityDetailState.swift in Sources */ = {isa = PBXBuildFile; fileRef = D3459C41278DAD9800B61C6E /* FacilityDetailState.swift */; };
		D3459C44278DAE2A00B61C6E /* FacilityDetailCreator.swift in Sources */ = {isa = PBXBuildFile; fileRef = D3459C43278DAE2A00B61C6E /* FacilityDetailCreator.swift */; };
		D3459C46278DAE6700B61C6E /* FacilityDetailAction.swift in Sources */ = {isa = PBXBuildFile; fileRef = D3459C45278DAE6700B61C6E /* FacilityDetailAction.swift */; };
		D3459C48278DAF9A00B61C6E /* SporevoMapAction.swift in Sources */ = {isa = PBXBuildFile; fileRef = D3459C47278DAF9A00B61C6E /* SporevoMapAction.swift */; };
		D3459C4A278DAFAC00B61C6E /* SporevoMapActionCreator.swift in Sources */ = {isa = PBXBuildFile; fileRef = D3459C49278DAFAC00B61C6E /* SporevoMapActionCreator.swift */; };
		D3459C4C278DAFED00B61C6E /* SporevoMapState.swift in Sources */ = {isa = PBXBuildFile; fileRef = D3459C4B278DAFED00B61C6E /* SporevoMapState.swift */; };
		D3459C4E278DB03600B61C6E /* SporevoMapReducer.swift in Sources */ = {isa = PBXBuildFile; fileRef = D3459C4D278DB03600B61C6E /* SporevoMapReducer.swift */; };
		D351FF3A275B988F00AA518B /* CitySection.swift in Sources */ = {isa = PBXBuildFile; fileRef = D351FF39275B988F00AA518B /* CitySection.swift */; };
		D351FF3C275B98DD00AA518B /* MoneySection.swift in Sources */ = {isa = PBXBuildFile; fileRef = D351FF3B275B98DD00AA518B /* MoneySection.swift */; };
		D3B72CA42749278A00253933 /* InstitutionListController.swift in Sources */ = {isa = PBXBuildFile; fileRef = D3B72CA32749278A00253933 /* InstitutionListController.swift */; };
		D3D8116A274E19C300A380B1 /* SearchPresentar.swift in Sources */ = {isa = PBXBuildFile; fileRef = D3D81169274E19C300A380B1 /* SearchPresentar.swift */; };
		D3D8116C274E1A2B00A380B1 /* SporevoMainPresentar.swift in Sources */ = {isa = PBXBuildFile; fileRef = D3D8116B274E1A2B00A380B1 /* SporevoMainPresentar.swift */; };
		D3D81170274E213000A380B1 /* FacilityType.swift in Sources */ = {isa = PBXBuildFile; fileRef = D3D8116F274E213000A380B1 /* FacilityType.swift */; };
		D3D81172274E509A00A380B1 /* Sports.swift in Sources */ = {isa = PBXBuildFile; fileRef = D3D81171274E509A00A380B1 /* Sports.swift */; };
		D3D81174274E564900A380B1 /* Tag.swift in Sources */ = {isa = PBXBuildFile; fileRef = D3D81173274E564900A380B1 /* Tag.swift */; };
		D3D81176274E5E8300A380B1 /* Money.swift in Sources */ = {isa = PBXBuildFile; fileRef = D3D81175274E5E8300A380B1 /* Money.swift */; };
		D3D81178274E66AE00A380B1 /* Prefecture.swift in Sources */ = {isa = PBXBuildFile; fileRef = D3D81177274E66AE00A380B1 /* Prefecture.swift */; };
		D3D8117C274F619600A380B1 /* Array+Extension.swift in Sources */ = {isa = PBXBuildFile; fileRef = D3D8117B274F619600A380B1 /* Array+Extension.swift */; };
		D3D8117F274F6EA500A380B1 /* UserDefaultRepositry.swift in Sources */ = {isa = PBXBuildFile; fileRef = D3D8117E274F6EA500A380B1 /* UserDefaultRepositry.swift */; };
		D3D81181274F75ED00A380B1 /* FacilitySearchPresentar.swift in Sources */ = {isa = PBXBuildFile; fileRef = D3D81180274F75ED00A380B1 /* FacilitySearchPresentar.swift */; };
		D3D81183274F98DF00A380B1 /* ViewController+Extension.swift in Sources */ = {isa = PBXBuildFile; fileRef = D3D81182274F98DF00A380B1 /* ViewController+Extension.swift */; };
		D3F21512279ECEB9009897CE /* FacilitySearchActionCreator.swift in Sources */ = {isa = PBXBuildFile; fileRef = D3F21511279ECEB9009897CE /* FacilitySearchActionCreator.swift */; };
		D3F21514279ECF7F009897CE /* FacilitySearchState.swift in Sources */ = {isa = PBXBuildFile; fileRef = D3F21513279ECF7F009897CE /* FacilitySearchState.swift */; };
		D3F21516279ECFDB009897CE /* FacilitySearchAction.swift in Sources */ = {isa = PBXBuildFile; fileRef = D3F21515279ECFDB009897CE /* FacilitySearchAction.swift */; };
		D3F21518279ED18A009897CE /* FacilitySearchReducer.swift in Sources */ = {isa = PBXBuildFile; fileRef = D3F21517279ED18A009897CE /* FacilitySearchReducer.swift */; };
		D3F2151B279ED9AA009897CE /* RxCocoa in Frameworks */ = {isa = PBXBuildFile; productRef = D3F2151A279ED9AA009897CE /* RxCocoa */; };
		D3F2151D279ED9AA009897CE /* RxRelay in Frameworks */ = {isa = PBXBuildFile; productRef = D3F2151C279ED9AA009897CE /* RxRelay */; };
		D3F2151F279ED9AA009897CE /* RxSwift in Frameworks */ = {isa = PBXBuildFile; productRef = D3F2151E279ED9AA009897CE /* RxSwift */; };
		D41426E844A0C8504FD6E0B7 /* Pods_Sporevo.framework in Frameworks */ = {isa = PBXBuildFile; fileRef = E227DC3926AF3003077FE3F2 /* Pods_Sporevo.framework */; };
/* End PBXBuildFile section */

/* Begin PBXFileReference section */
		2C93011280A86064B55CC333 /* Pods-Sporevo.release.xcconfig */ = {isa = PBXFileReference; includeInIndex = 1; lastKnownFileType = text.xcconfig; name = "Pods-Sporevo.release.xcconfig"; path = "Target Support Files/Pods-Sporevo/Pods-Sporevo.release.xcconfig"; sourceTree = "<group>"; };
		BC4DD863CB20520031AB2ADC /* Pods-Sporevo.debug.xcconfig */ = {isa = PBXFileReference; includeInIndex = 1; lastKnownFileType = text.xcconfig; name = "Pods-Sporevo.debug.xcconfig"; path = "Target Support Files/Pods-Sporevo/Pods-Sporevo.debug.xcconfig"; sourceTree = "<group>"; };
		D312C2202742228100DF7E83 /* FacilitySearchController.swift */ = {isa = PBXFileReference; lastKnownFileType = sourcecode.swift; path = FacilitySearchController.swift; sourceTree = "<group>"; };
		D32B13762738D8430039CC06 /* Sporevo.app */ = {isa = PBXFileReference; explicitFileType = wrapper.application; includeInIndex = 0; path = Sporevo.app; sourceTree = BUILT_PRODUCTS_DIR; };
		D32B13792738D8430039CC06 /* AppDelegate.swift */ = {isa = PBXFileReference; lastKnownFileType = sourcecode.swift; path = AppDelegate.swift; sourceTree = "<group>"; };
		D32B137B2738D8430039CC06 /* SceneDelegate.swift */ = {isa = PBXFileReference; lastKnownFileType = sourcecode.swift; path = SceneDelegate.swift; sourceTree = "<group>"; };
		D32B137D2738D8430039CC06 /* SporevoMainController.swift */ = {isa = PBXFileReference; lastKnownFileType = sourcecode.swift; path = SporevoMainController.swift; sourceTree = "<group>"; };
		D32B13822738D8450039CC06 /* Assets.xcassets */ = {isa = PBXFileReference; lastKnownFileType = folder.assetcatalog; path = Assets.xcassets; sourceTree = "<group>"; };
		D32B13872738D8450039CC06 /* Info.plist */ = {isa = PBXFileReference; lastKnownFileType = text.plist.xml; path = Info.plist; sourceTree = "<group>"; };
		D32B13B6273901230039CC06 /* Anchor+Extension.swift */ = {isa = PBXFileReference; lastKnownFileType = sourcecode.swift; path = "Anchor+Extension.swift"; sourceTree = "<group>"; };
		D32B13B8273902670039CC06 /* SearchOptions.swift */ = {isa = PBXFileReference; lastKnownFileType = sourcecode.swift; path = SearchOptions.swift; sourceTree = "<group>"; };
		D32B13BD2739038A0039CC06 /* SearchCell.swift */ = {isa = PBXFileReference; lastKnownFileType = sourcecode.swift; path = SearchCell.swift; sourceTree = "<group>"; };
		D32B13BF273904370039CC06 /* MainHeaderView.swift */ = {isa = PBXFileReference; lastKnownFileType = sourcecode.swift; path = MainHeaderView.swift; sourceTree = "<group>"; };
		D32B13C127392BCC0039CC06 /* SearchListController.swift */ = {isa = PBXFileReference; lastKnownFileType = sourcecode.swift; path = SearchListController.swift; sourceTree = "<group>"; };
		D32B13C3273931EB0039CC06 /* Constants.swift */ = {isa = PBXFileReference; lastKnownFileType = sourcecode.swift; path = Constants.swift; sourceTree = "<group>"; };
		D32B13C5273944840039CC06 /* CustomSearchSectionHeader.swift */ = {isa = PBXFileReference; lastKnownFileType = sourcecode.swift; path = CustomSearchSectionHeader.swift; sourceTree = "<group>"; };
		D32B13C7273960720039CC06 /* ContainerController.swift */ = {isa = PBXFileReference; lastKnownFileType = sourcecode.swift; path = ContainerController.swift; sourceTree = "<group>"; };
		D32B13C9273961CD0039CC06 /* MenuController.swift */ = {isa = PBXFileReference; lastKnownFileType = sourcecode.swift; path = MenuController.swift; sourceTree = "<group>"; };
		D32B13CB273964000039CC06 /* MenuOptions.swift */ = {isa = PBXFileReference; lastKnownFileType = sourcecode.swift; path = MenuOptions.swift; sourceTree = "<group>"; };
		D32B13CD273965120039CC06 /* MenuOptionsCell.swift */ = {isa = PBXFileReference; lastKnownFileType = sourcecode.swift; path = MenuOptionsCell.swift; sourceTree = "<group>"; };
		D32B13CF273A0E480039CC06 /* institutionCell.swift */ = {isa = PBXFileReference; lastKnownFileType = sourcecode.swift; path = institutionCell.swift; sourceTree = "<group>"; };
		D32B13D1273A25E00039CC06 /* InstitutionDetailController.swift */ = {isa = PBXFileReference; lastKnownFileType = sourcecode.swift; path = InstitutionDetailController.swift; sourceTree = "<group>"; };
		D32B13D5273A2FB70039CC06 /* InstitutionHeader.swift */ = {isa = PBXFileReference; lastKnownFileType = sourcecode.swift; path = InstitutionHeader.swift; sourceTree = "<group>"; };
		D32B13D7273A30FA0039CC06 /* CompetionView.swift */ = {isa = PBXFileReference; lastKnownFileType = sourcecode.swift; path = CompetionView.swift; sourceTree = "<group>"; };
		D32B13DB273A51C00039CC06 /* TagLabel.swift */ = {isa = PBXFileReference; lastKnownFileType = sourcecode.swift; path = TagLabel.swift; sourceTree = "<group>"; };
		D32B13DD273A62460039CC06 /* SeachListCell.swift */ = {isa = PBXFileReference; lastKnownFileType = sourcecode.swift; path = SeachListCell.swift; sourceTree = "<group>"; };
		D32B8C4B2754770A0036FA98 /* Facility.swift */ = {isa = PBXFileReference; lastKnownFileType = sourcecode.swift; path = Facility.swift; sourceTree = "<group>"; };
		D32B8C4D27547D9B0036FA98 /* InstituationPresentar.swift */ = {isa = PBXFileReference; lastKnownFileType = sourcecode.swift; path = InstituationPresentar.swift; sourceTree = "<group>"; };
		D32B8C4F275486AD0036FA98 /* String+Extension.swift */ = {isa = PBXFileReference; lastKnownFileType = sourcecode.swift; path = "String+Extension.swift"; sourceTree = "<group>"; };
		D32B8C5127548E570036FA98 /* TagCell.swift */ = {isa = PBXFileReference; lastKnownFileType = sourcecode.swift; path = TagCell.swift; sourceTree = "<group>"; };
		D33D95A72745E114001FBC48 /* SearchMapController.swift */ = {isa = PBXFileReference; lastKnownFileType = sourcecode.swift; path = SearchMapController.swift; sourceTree = "<group>"; };
		D3459C1A278C16E000B61C6E /* AppState.swift */ = {isa = PBXFileReference; lastKnownFileType = sourcecode.swift; path = AppState.swift; sourceTree = "<group>"; };
		D3459C1C278C170E00B61C6E /* DetailSearchState.swift */ = {isa = PBXFileReference; lastKnownFileType = sourcecode.swift; path = DetailSearchState.swift; sourceTree = "<group>"; };
		D3459C21278C17BA00B61C6E /* AppReducer.swift */ = {isa = PBXFileReference; lastKnownFileType = sourcecode.swift; path = AppReducer.swift; sourceTree = "<group>"; };
		D3459C23278C184000B61C6E /* DetailSearchReducer.swift */ = {isa = PBXFileReference; lastKnownFileType = sourcecode.swift; path = DetailSearchReducer.swift; sourceTree = "<group>"; };
		D3459C25278C18AE00B61C6E /* DetailSearchAction.swift */ = {isa = PBXFileReference; lastKnownFileType = sourcecode.swift; path = DetailSearchAction.swift; sourceTree = "<group>"; };
		D3459C27278C190100B61C6E /* DetailSearchActionCreator.swift */ = {isa = PBXFileReference; lastKnownFileType = sourcecode.swift; path = DetailSearchActionCreator.swift; sourceTree = "<group>"; };
		D3459C2A278C403C00B61C6E /* FacilityEntity.swift */ = {isa = PBXFileReference; lastKnownFileType = sourcecode.swift; path = FacilityEntity.swift; sourceTree = "<group>"; };
		D3459C2C278C408500B61C6E /* SportEntity.swift */ = {isa = PBXFileReference; lastKnownFileType = sourcecode.swift; path = SportEntity.swift; sourceTree = "<group>"; };
		D3459C2E278C40F300B61C6E /* TagEntity.swift */ = {isa = PBXFileReference; lastKnownFileType = sourcecode.swift; path = TagEntity.swift; sourceTree = "<group>"; };
		D3459C30278C413900B61C6E /* FacilityTypeEntity.swift */ = {isa = PBXFileReference; lastKnownFileType = sourcecode.swift; path = FacilityTypeEntity.swift; sourceTree = "<group>"; };
		D3459C32278C41B700B61C6E /* MoneyUnitsEntity.swift */ = {isa = PBXFileReference; lastKnownFileType = sourcecode.swift; path = MoneyUnitsEntity.swift; sourceTree = "<group>"; };
		D3459C34278C41E300B61C6E /* PriceUnitsEntity.swift */ = {isa = PBXFileReference; lastKnownFileType = sourcecode.swift; path = PriceUnitsEntity.swift; sourceTree = "<group>"; };
		D3459C36278C42BE00B61C6E /* PrefectureEntity.swift */ = {isa = PBXFileReference; lastKnownFileType = sourcecode.swift; path = PrefectureEntity.swift; sourceTree = "<group>"; };
		D3459C38278C433100B61C6E /* CityEntity.swift */ = {isa = PBXFileReference; lastKnownFileType = sourcecode.swift; path = CityEntity.swift; sourceTree = "<group>"; };
		D3459C3A278C443700B61C6E /* FacilityDetailEntity.swift */ = {isa = PBXFileReference; lastKnownFileType = sourcecode.swift; path = FacilityDetailEntity.swift; sourceTree = "<group>"; };
		D3459C3F278DAD5D00B61C6E /* FacilityDetailReducer.swift */ = {isa = PBXFileReference; lastKnownFileType = sourcecode.swift; path = FacilityDetailReducer.swift; sourceTree = "<group>"; };
		D3459C41278DAD9800B61C6E /* FacilityDetailState.swift */ = {isa = PBXFileReference; lastKnownFileType = sourcecode.swift; path = FacilityDetailState.swift; sourceTree = "<group>"; };
		D3459C43278DAE2A00B61C6E /* FacilityDetailCreator.swift */ = {isa = PBXFileReference; lastKnownFileType = sourcecode.swift; path = FacilityDetailCreator.swift; sourceTree = "<group>"; };
		D3459C45278DAE6700B61C6E /* FacilityDetailAction.swift */ = {isa = PBXFileReference; lastKnownFileType = sourcecode.swift; path = FacilityDetailAction.swift; sourceTree = "<group>"; };
		D3459C47278DAF9A00B61C6E /* SporevoMapAction.swift */ = {isa = PBXFileReference; lastKnownFileType = sourcecode.swift; path = SporevoMapAction.swift; sourceTree = "<group>"; };
		D3459C49278DAFAC00B61C6E /* SporevoMapActionCreator.swift */ = {isa = PBXFileReference; lastKnownFileType = sourcecode.swift; path = SporevoMapActionCreator.swift; sourceTree = "<group>"; };
		D3459C4B278DAFED00B61C6E /* SporevoMapState.swift */ = {isa = PBXFileReference; lastKnownFileType = sourcecode.swift; path = SporevoMapState.swift; sourceTree = "<group>"; };
		D3459C4D278DB03600B61C6E /* SporevoMapReducer.swift */ = {isa = PBXFileReference; lastKnownFileType = sourcecode.swift; path = SporevoMapReducer.swift; sourceTree = "<group>"; };
		D351FF39275B988F00AA518B /* CitySection.swift */ = {isa = PBXFileReference; lastKnownFileType = sourcecode.swift; path = CitySection.swift; sourceTree = "<group>"; };
		D351FF3B275B98DD00AA518B /* MoneySection.swift */ = {isa = PBXFileReference; lastKnownFileType = sourcecode.swift; path = MoneySection.swift; sourceTree = "<group>"; };
		D3B72CA32749278A00253933 /* InstitutionListController.swift */ = {isa = PBXFileReference; lastKnownFileType = sourcecode.swift; path = InstitutionListController.swift; sourceTree = "<group>"; };
		D3D81169274E19C300A380B1 /* SearchPresentar.swift */ = {isa = PBXFileReference; lastKnownFileType = sourcecode.swift; path = SearchPresentar.swift; sourceTree = "<group>"; };
		D3D8116B274E1A2B00A380B1 /* SporevoMainPresentar.swift */ = {isa = PBXFileReference; lastKnownFileType = sourcecode.swift; path = SporevoMainPresentar.swift; sourceTree = "<group>"; };
		D3D8116F274E213000A380B1 /* FacilityType.swift */ = {isa = PBXFileReference; lastKnownFileType = sourcecode.swift; path = FacilityType.swift; sourceTree = "<group>"; };
		D3D81171274E509A00A380B1 /* Sports.swift */ = {isa = PBXFileReference; lastKnownFileType = sourcecode.swift; path = Sports.swift; sourceTree = "<group>"; };
		D3D81173274E564900A380B1 /* Tag.swift */ = {isa = PBXFileReference; lastKnownFileType = sourcecode.swift; path = Tag.swift; sourceTree = "<group>"; };
		D3D81175274E5E8300A380B1 /* Money.swift */ = {isa = PBXFileReference; lastKnownFileType = sourcecode.swift; path = Money.swift; sourceTree = "<group>"; };
		D3D81177274E66AE00A380B1 /* Prefecture.swift */ = {isa = PBXFileReference; lastKnownFileType = sourcecode.swift; path = Prefecture.swift; sourceTree = "<group>"; };
		D3D8117B274F619600A380B1 /* Array+Extension.swift */ = {isa = PBXFileReference; lastKnownFileType = sourcecode.swift; path = "Array+Extension.swift"; sourceTree = "<group>"; };
		D3D8117E274F6EA500A380B1 /* UserDefaultRepositry.swift */ = {isa = PBXFileReference; lastKnownFileType = sourcecode.swift; path = UserDefaultRepositry.swift; sourceTree = "<group>"; };
		D3D81180274F75ED00A380B1 /* FacilitySearchPresentar.swift */ = {isa = PBXFileReference; lastKnownFileType = sourcecode.swift; path = FacilitySearchPresentar.swift; sourceTree = "<group>"; };
		D3D81182274F98DF00A380B1 /* ViewController+Extension.swift */ = {isa = PBXFileReference; lastKnownFileType = sourcecode.swift; path = "ViewController+Extension.swift"; sourceTree = "<group>"; };
		D3F21511279ECEB9009897CE /* FacilitySearchActionCreator.swift */ = {isa = PBXFileReference; lastKnownFileType = sourcecode.swift; path = FacilitySearchActionCreator.swift; sourceTree = "<group>"; };
		D3F21513279ECF7F009897CE /* FacilitySearchState.swift */ = {isa = PBXFileReference; lastKnownFileType = sourcecode.swift; path = FacilitySearchState.swift; sourceTree = "<group>"; };
		D3F21515279ECFDB009897CE /* FacilitySearchAction.swift */ = {isa = PBXFileReference; lastKnownFileType = sourcecode.swift; path = FacilitySearchAction.swift; sourceTree = "<group>"; };
		D3F21517279ED18A009897CE /* FacilitySearchReducer.swift */ = {isa = PBXFileReference; lastKnownFileType = sourcecode.swift; path = FacilitySearchReducer.swift; sourceTree = "<group>"; };
		E227DC3926AF3003077FE3F2 /* Pods_Sporevo.framework */ = {isa = PBXFileReference; explicitFileType = wrapper.framework; includeInIndex = 0; path = Pods_Sporevo.framework; sourceTree = BUILT_PRODUCTS_DIR; };
/* End PBXFileReference section */

/* Begin PBXFrameworksBuildPhase section */
		D32B13732738D8430039CC06 /* Frameworks */ = {
			isa = PBXFrameworksBuildPhase;
			buildActionMask = 2147483647;
			files = (
				D3F2151B279ED9AA009897CE /* RxCocoa in Frameworks */,
				D41426E844A0C8504FD6E0B7 /* Pods_Sporevo.framework in Frameworks */,
				D3F2151F279ED9AA009897CE /* RxSwift in Frameworks */,
				D3F2151D279ED9AA009897CE /* RxRelay in Frameworks */,
				D312C2242742363C00DF7E83 /* Alamofire in Frameworks */,
			);
			runOnlyForDeploymentPostprocessing = 0;
		};
/* End PBXFrameworksBuildPhase section */

/* Begin PBXGroup section */
		623034C455B342AB0690D69A /* Pods */ = {
			isa = PBXGroup;
			children = (
				BC4DD863CB20520031AB2ADC /* Pods-Sporevo.debug.xcconfig */,
				2C93011280A86064B55CC333 /* Pods-Sporevo.release.xcconfig */,
			);
			path = Pods;
			sourceTree = "<group>";
		};
		90B3B3AD92F8A874D18EF110 /* Frameworks */ = {
			isa = PBXGroup;
			children = (
				E227DC3926AF3003077FE3F2 /* Pods_Sporevo.framework */,
			);
			name = Frameworks;
			sourceTree = "<group>";
		};
		D32B136D2738D8430039CC06 = {
			isa = PBXGroup;
			children = (
				D32B13782738D8430039CC06 /* Sporevo */,
				D32B13772738D8430039CC06 /* Products */,
				623034C455B342AB0690D69A /* Pods */,
				90B3B3AD92F8A874D18EF110 /* Frameworks */,
			);
			sourceTree = "<group>";
		};
		D32B13772738D8430039CC06 /* Products */ = {
			isa = PBXGroup;
			children = (
				D32B13762738D8430039CC06 /* Sporevo.app */,
			);
			name = Products;
			sourceTree = "<group>";
		};
		D32B13782738D8430039CC06 /* Sporevo */ = {
			isa = PBXGroup;
			children = (
				D3459C20278C179400B61C6E /* Action */,
				D3459C1F278C178C00B61C6E /* ActionCreators */,
				D3459C1E278C178600B61C6E /* Reducer */,
				D3459C19278C16A500B61C6E /* State */,
				D32B13792738D8430039CC06 /* AppDelegate.swift */,
				D32B137B2738D8430039CC06 /* SceneDelegate.swift */,
				D32B13822738D8450039CC06 /* Assets.xcassets */,
				D3D8117D274F6E8700A380B1 /* Repositry */,
				D32B13B52738FF1F0039CC06 /* Presentar */,
				D32B13B42738FF1B0039CC06 /* Model */,
				D32B13B32738FF170039CC06 /* Views */,
				D32B13B22738FF110039CC06 /* Extensiton */,
				D32B13872738D8450039CC06 /* Info.plist */,
			);
			path = Sporevo;
			sourceTree = "<group>";
		};
		D32B13B22738FF110039CC06 /* Extensiton */ = {
			isa = PBXGroup;
			children = (
				D32B13B6273901230039CC06 /* Anchor+Extension.swift */,
				D32B13C3273931EB0039CC06 /* Constants.swift */,
				D3D8117B274F619600A380B1 /* Array+Extension.swift */,
				D3D81182274F98DF00A380B1 /* ViewController+Extension.swift */,
				D32B8C4F275486AD0036FA98 /* String+Extension.swift */,
			);
			path = Extensiton;
			sourceTree = "<group>";
		};
		D32B13B32738FF170039CC06 /* Views */ = {
			isa = PBXGroup;
			children = (
				D32B13BC273903790039CC06 /* CustomView */,
				D32B13BB273903740039CC06 /* Controller */,
				D32B13BA2739036F0039CC06 /* Cells */,
			);
			path = Views;
			sourceTree = "<group>";
		};
		D32B13B42738FF1B0039CC06 /* Model */ = {
			isa = PBXGroup;
			children = (
				D3459C3D278C446300B61C6E /* APIDB */,
				D3459C3C278C444E00B61C6E /* Enum */,
				D3459C29278C38EC00B61C6E /* LocalDB */,
			);
			path = Model;
			sourceTree = "<group>";
		};
		D32B13B52738FF1F0039CC06 /* Presentar */ = {
			isa = PBXGroup;
			children = (
				D3459C3E278C447A00B61C6E /* Section */,
				D3D81169274E19C300A380B1 /* SearchPresentar.swift */,
				D3D8116B274E1A2B00A380B1 /* SporevoMainPresentar.swift */,
				D3D81180274F75ED00A380B1 /* FacilitySearchPresentar.swift */,
				D32B8C4D27547D9B0036FA98 /* InstituationPresentar.swift */,
			);
			path = Presentar;
			sourceTree = "<group>";
		};
		D32B13BA2739036F0039CC06 /* Cells */ = {
			isa = PBXGroup;
			children = (
				D32B13BD2739038A0039CC06 /* SearchCell.swift */,
				D32B13CD273965120039CC06 /* MenuOptionsCell.swift */,
				D32B13CF273A0E480039CC06 /* institutionCell.swift */,
				D32B13DD273A62460039CC06 /* SeachListCell.swift */,
				D32B8C5127548E570036FA98 /* TagCell.swift */,
			);
			path = Cells;
			sourceTree = "<group>";
		};
		D32B13BB273903740039CC06 /* Controller */ = {
			isa = PBXGroup;
			children = (
				D32B13C7273960720039CC06 /* ContainerController.swift */,
				D312C2202742228100DF7E83 /* FacilitySearchController.swift */,
				D32B13D1273A25E00039CC06 /* InstitutionDetailController.swift */,
				D3B72CA32749278A00253933 /* InstitutionListController.swift */,
				D32B13C9273961CD0039CC06 /* MenuController.swift */,
				D32B13C127392BCC0039CC06 /* SearchListController.swift */,
				D33D95A72745E114001FBC48 /* SearchMapController.swift */,
				D32B137D2738D8430039CC06 /* SporevoMainController.swift */,
			);
			path = Controller;
			sourceTree = "<group>";
		};
		D32B13BC273903790039CC06 /* CustomView */ = {
			isa = PBXGroup;
			children = (
				D32B13BF273904370039CC06 /* MainHeaderView.swift */,
				D32B13C5273944840039CC06 /* CustomSearchSectionHeader.swift */,
				D32B13D5273A2FB70039CC06 /* InstitutionHeader.swift */,
				D32B13D7273A30FA0039CC06 /* CompetionView.swift */,
				D32B13DB273A51C00039CC06 /* TagLabel.swift */,
			);
			path = CustomView;
			sourceTree = "<group>";
		};
		D3459C19278C16A500B61C6E /* State */ = {
			isa = PBXGroup;
			children = (
				D3459C1A278C16E000B61C6E /* AppState.swift */,
				D3459C1C278C170E00B61C6E /* DetailSearchState.swift */,
				D3459C41278DAD9800B61C6E /* FacilityDetailState.swift */,
				D3459C4B278DAFED00B61C6E /* SporevoMapState.swift */,
				D3F21513279ECF7F009897CE /* FacilitySearchState.swift */,
			);
			path = State;
			sourceTree = "<group>";
		};
		D3459C1E278C178600B61C6E /* Reducer */ = {
			isa = PBXGroup;
			children = (
				D3459C21278C17BA00B61C6E /* AppReducer.swift */,
				D3459C23278C184000B61C6E /* DetailSearchReducer.swift */,
				D3459C3F278DAD5D00B61C6E /* FacilityDetailReducer.swift */,
				D3459C4D278DB03600B61C6E /* SporevoMapReducer.swift */,
				D3F21517279ED18A009897CE /* FacilitySearchReducer.swift */,
			);
			path = Reducer;
			sourceTree = "<group>";
		};
		D3459C1F278C178C00B61C6E /* ActionCreators */ = {
			isa = PBXGroup;
			children = (
				D3459C27278C190100B61C6E /* DetailSearchActionCreator.swift */,
				D3459C43278DAE2A00B61C6E /* FacilityDetailCreator.swift */,
				D3459C49278DAFAC00B61C6E /* SporevoMapActionCreator.swift */,
				D3F21511279ECEB9009897CE /* FacilitySearchActionCreator.swift */,
			);
			path = ActionCreators;
			sourceTree = "<group>";
		};
		D3459C20278C179400B61C6E /* Action */ = {
			isa = PBXGroup;
			children = (
				D3459C25278C18AE00B61C6E /* DetailSearchAction.swift */,
				D3459C45278DAE6700B61C6E /* FacilityDetailAction.swift */,
				D3459C47278DAF9A00B61C6E /* SporevoMapAction.swift */,
				D3F21515279ECFDB009897CE /* FacilitySearchAction.swift */,
			);
			path = Action;
			sourceTree = "<group>";
		};
		D3459C29278C38EC00B61C6E /* LocalDB */ = {
			isa = PBXGroup;
			children = (
				D3459C2A278C403C00B61C6E /* FacilityEntity.swift */,
				D3459C2C278C408500B61C6E /* SportEntity.swift */,
				D3459C2E278C40F300B61C6E /* TagEntity.swift */,
				D3459C30278C413900B61C6E /* FacilityTypeEntity.swift */,
				D3459C32278C41B700B61C6E /* MoneyUnitsEntity.swift */,
				D3459C34278C41E300B61C6E /* PriceUnitsEntity.swift */,
				D3459C36278C42BE00B61C6E /* PrefectureEntity.swift */,
				D3459C38278C433100B61C6E /* CityEntity.swift */,
				D3459C3A278C443700B61C6E /* FacilityDetailEntity.swift */,
			);
			path = LocalDB;
			sourceTree = "<group>";
		};
		D3459C3C278C444E00B61C6E /* Enum */ = {
			isa = PBXGroup;
			children = (
				D32B13B8273902670039CC06 /* SearchOptions.swift */,
				D32B13CB273964000039CC06 /* MenuOptions.swift */,
			);
			path = Enum;
			sourceTree = "<group>";
		};
		D3459C3D278C446300B61C6E /* APIDB */ = {
			isa = PBXGroup;
			children = (
				D3D8116F274E213000A380B1 /* FacilityType.swift */,
				D3D81171274E509A00A380B1 /* Sports.swift */,
				D3D81173274E564900A380B1 /* Tag.swift */,
				D3D81175274E5E8300A380B1 /* Money.swift */,
				D3D81177274E66AE00A380B1 /* Prefecture.swift */,
				D32B8C4B2754770A0036FA98 /* Facility.swift */,
			);
			path = APIDB;
			sourceTree = "<group>";
		};
		D3459C3E278C447A00B61C6E /* Section */ = {
			isa = PBXGroup;
			children = (
				D351FF39275B988F00AA518B /* CitySection.swift */,
				D351FF3B275B98DD00AA518B /* MoneySection.swift */,
			);
			path = Section;
			sourceTree = "<group>";
		};
		D3D8117D274F6E8700A380B1 /* Repositry */ = {
			isa = PBXGroup;
			children = (
				D3D8117E274F6EA500A380B1 /* UserDefaultRepositry.swift */,
			);
			path = Repositry;
			sourceTree = "<group>";
		};
/* End PBXGroup section */

/* Begin PBXNativeTarget section */
		D32B13752738D8430039CC06 /* Sporevo */ = {
			isa = PBXNativeTarget;
			buildConfigurationList = D32B138A2738D8450039CC06 /* Build configuration list for PBXNativeTarget "Sporevo" */;
			buildPhases = (
				01ABAC6241D50EE70F98DEF9 /* [CP] Check Pods Manifest.lock */,
				D32B13722738D8430039CC06 /* Sources */,
				D32B13732738D8430039CC06 /* Frameworks */,
				D32B13742738D8430039CC06 /* Resources */,
				237B4E3807F089AF75613594 /* [CP] Copy Pods Resources */,
				E1AEC22D46461F94F132451F /* [CP] Embed Pods Frameworks */,
			);
			buildRules = (
			);
			dependencies = (
			);
			name = Sporevo;
			packageProductDependencies = (
				D312C2232742363C00DF7E83 /* Alamofire */,
				D3F2151A279ED9AA009897CE /* RxCocoa */,
				D3F2151C279ED9AA009897CE /* RxRelay */,
				D3F2151E279ED9AA009897CE /* RxSwift */,
			);
			productName = Sporevo;
			productReference = D32B13762738D8430039CC06 /* Sporevo.app */;
			productType = "com.apple.product-type.application";
		};
/* End PBXNativeTarget section */

/* Begin PBXProject section */
		D32B136E2738D8430039CC06 /* Project object */ = {
			isa = PBXProject;
			attributes = {
				BuildIndependentTargetsInParallel = 1;
				LastSwiftUpdateCheck = 1310;
				LastUpgradeCheck = 1310;
				TargetAttributes = {
					D32B13752738D8430039CC06 = {
						CreatedOnToolsVersion = 13.1;
					};
				};
			};
			buildConfigurationList = D32B13712738D8430039CC06 /* Build configuration list for PBXProject "Sporevo" */;
			compatibilityVersion = "Xcode 13.0";
			developmentRegion = en;
			hasScannedForEncodings = 0;
			knownRegions = (
				en,
				Base,
			);
			mainGroup = D32B136D2738D8430039CC06;
			packageReferences = (
				D312C2222742363C00DF7E83 /* XCRemoteSwiftPackageReference "Alamofire" */,
				D3F21519279ED9AA009897CE /* XCRemoteSwiftPackageReference "RxSwift" */,
			);
			productRefGroup = D32B13772738D8430039CC06 /* Products */;
			projectDirPath = "";
			projectRoot = "";
			targets = (
				D32B13752738D8430039CC06 /* Sporevo */,
			);
		};
/* End PBXProject section */

/* Begin PBXResourcesBuildPhase section */
		D32B13742738D8430039CC06 /* Resources */ = {
			isa = PBXResourcesBuildPhase;
			buildActionMask = 2147483647;
			files = (
				D32B13832738D8450039CC06 /* Assets.xcassets in Resources */,
			);
			runOnlyForDeploymentPostprocessing = 0;
		};
/* End PBXResourcesBuildPhase section */

/* Begin PBXShellScriptBuildPhase section */
		01ABAC6241D50EE70F98DEF9 /* [CP] Check Pods Manifest.lock */ = {
			isa = PBXShellScriptBuildPhase;
			buildActionMask = 2147483647;
			files = (
			);
			inputFileListPaths = (
			);
			inputPaths = (
				"${PODS_PODFILE_DIR_PATH}/Podfile.lock",
				"${PODS_ROOT}/Manifest.lock",
			);
			name = "[CP] Check Pods Manifest.lock";
			outputFileListPaths = (
			);
			outputPaths = (
				"$(DERIVED_FILE_DIR)/Pods-Sporevo-checkManifestLockResult.txt",
			);
			runOnlyForDeploymentPostprocessing = 0;
			shellPath = /bin/sh;
			shellScript = "diff \"${PODS_PODFILE_DIR_PATH}/Podfile.lock\" \"${PODS_ROOT}/Manifest.lock\" > /dev/null\nif [ $? != 0 ] ; then\n    # print error to STDERR\n    echo \"error: The sandbox is not in sync with the Podfile.lock. Run 'pod install' or update your CocoaPods installation.\" >&2\n    exit 1\nfi\n# This output is used by Xcode 'outputs' to avoid re-running this script phase.\necho \"SUCCESS\" > \"${SCRIPT_OUTPUT_FILE_0}\"\n";
			showEnvVarsInLog = 0;
		};
		237B4E3807F089AF75613594 /* [CP] Copy Pods Resources */ = {
			isa = PBXShellScriptBuildPhase;
			buildActionMask = 2147483647;
			files = (
			);
			inputFileListPaths = (
				"${PODS_ROOT}/Target Support Files/Pods-Sporevo/Pods-Sporevo-resources-${CONFIGURATION}-input-files.xcfilelist",
			);
			name = "[CP] Copy Pods Resources";
			outputFileListPaths = (
				"${PODS_ROOT}/Target Support Files/Pods-Sporevo/Pods-Sporevo-resources-${CONFIGURATION}-output-files.xcfilelist",
			);
			runOnlyForDeploymentPostprocessing = 0;
			shellPath = /bin/sh;
			shellScript = "\"${PODS_ROOT}/Target Support Files/Pods-Sporevo/Pods-Sporevo-resources.sh\"\n";
			showEnvVarsInLog = 0;
		};
		E1AEC22D46461F94F132451F /* [CP] Embed Pods Frameworks */ = {
			isa = PBXShellScriptBuildPhase;
			buildActionMask = 2147483647;
			files = (
			);
			inputFileListPaths = (
				"${PODS_ROOT}/Target Support Files/Pods-Sporevo/Pods-Sporevo-frameworks-${CONFIGURATION}-input-files.xcfilelist",
			);
			name = "[CP] Embed Pods Frameworks";
			outputFileListPaths = (
				"${PODS_ROOT}/Target Support Files/Pods-Sporevo/Pods-Sporevo-frameworks-${CONFIGURATION}-output-files.xcfilelist",
			);
			runOnlyForDeploymentPostprocessing = 0;
			shellPath = /bin/sh;
			shellScript = "\"${PODS_ROOT}/Target Support Files/Pods-Sporevo/Pods-Sporevo-frameworks.sh\"\n";
			showEnvVarsInLog = 0;
		};
/* End PBXShellScriptBuildPhase section */

/* Begin PBXSourcesBuildPhase section */
		D32B13722738D8430039CC06 /* Sources */ = {
			isa = PBXSourcesBuildPhase;
			buildActionMask = 2147483647;
			files = (
				D3459C4A278DAFAC00B61C6E /* SporevoMapActionCreator.swift in Sources */,
				D3459C40278DAD5D00B61C6E /* FacilityDetailReducer.swift in Sources */,
				D32B13DC273A51C00039CC06 /* TagLabel.swift in Sources */,
				D32B13D6273A2FB70039CC06 /* InstitutionHeader.swift in Sources */,
				D32B13B9273902670039CC06 /* SearchOptions.swift in Sources */,
				D3D8117C274F619600A380B1 /* Array+Extension.swift in Sources */,
				D3D81181274F75ED00A380B1 /* FacilitySearchPresentar.swift in Sources */,
				D3459C4C278DAFED00B61C6E /* SporevoMapState.swift in Sources */,
				D3459C44278DAE2A00B61C6E /* FacilityDetailCreator.swift in Sources */,
				D3D81170274E213000A380B1 /* FacilityType.swift in Sources */,
				D3459C1B278C16E000B61C6E /* AppState.swift in Sources */,
				D3459C3B278C443700B61C6E /* FacilityDetailEntity.swift in Sources */,
				D3F21516279ECFDB009897CE /* FacilitySearchAction.swift in Sources */,
				D32B13BE2739038A0039CC06 /* SearchCell.swift in Sources */,
				D3459C26278C18AE00B61C6E /* DetailSearchAction.swift in Sources */,
				D32B13C0273904370039CC06 /* MainHeaderView.swift in Sources */,
				D3459C22278C17BA00B61C6E /* AppReducer.swift in Sources */,
				D3459C33278C41B700B61C6E /* MoneyUnitsEntity.swift in Sources */,
				D3D81176274E5E8300A380B1 /* Money.swift in Sources */,
				D32B13C227392BCC0039CC06 /* SearchListController.swift in Sources */,
				D3459C4E278DB03600B61C6E /* SporevoMapReducer.swift in Sources */,
				D312C2212742228100DF7E83 /* FacilitySearchController.swift in Sources */,
				D32B8C5227548E570036FA98 /* TagCell.swift in Sources */,
				D32B13DE273A62460039CC06 /* SeachListCell.swift in Sources */,
				D351FF3C275B98DD00AA518B /* MoneySection.swift in Sources */,
				D3D8117F274F6EA500A380B1 /* UserDefaultRepositry.swift in Sources */,
				D32B13CA273961CD0039CC06 /* MenuController.swift in Sources */,
				D32B13D8273A30FA0039CC06 /* CompetionView.swift in Sources */,
				D3D8116A274E19C300A380B1 /* SearchPresentar.swift in Sources */,
				D32B137E2738D8430039CC06 /* SporevoMainController.swift in Sources */,
				D3D81178274E66AE00A380B1 /* Prefecture.swift in Sources */,
				D351FF3A275B988F00AA518B /* CitySection.swift in Sources */,
				D3F21512279ECEB9009897CE /* FacilitySearchActionCreator.swift in Sources */,
				D3459C1D278C170E00B61C6E /* DetailSearchState.swift in Sources */,
				D32B8C50275486AD0036FA98 /* String+Extension.swift in Sources */,
				D3D8116C274E1A2B00A380B1 /* SporevoMainPresentar.swift in Sources */,
				D3459C35278C41E300B61C6E /* PriceUnitsEntity.swift in Sources */,
				D3D81172274E509A00A380B1 /* Sports.swift in Sources */,
				D3459C42278DAD9800B61C6E /* FacilityDetailState.swift in Sources */,
				D3459C46278DAE6700B61C6E /* FacilityDetailAction.swift in Sources */,
				D32B137A2738D8430039CC06 /* AppDelegate.swift in Sources */,
				D3459C39278C433100B61C6E /* CityEntity.swift in Sources */,
				D32B13D2273A25E00039CC06 /* InstitutionDetailController.swift in Sources */,
				D3459C2B278C403C00B61C6E /* FacilityEntity.swift in Sources */,
				D32B13B7273901230039CC06 /* Anchor+Extension.swift in Sources */,
				D3459C28278C190100B61C6E /* DetailSearchActionCreator.swift in Sources */,
				D3F21514279ECF7F009897CE /* FacilitySearchState.swift in Sources */,
				D3459C31278C413900B61C6E /* FacilityTypeEntity.swift in Sources */,
				D3459C2D278C408500B61C6E /* SportEntity.swift in Sources */,
				D3F21518279ED18A009897CE /* FacilitySearchReducer.swift in Sources */,
				D32B137C2738D8430039CC06 /* SceneDelegate.swift in Sources */,
				D32B8C4E27547D9B0036FA98 /* InstituationPresentar.swift in Sources */,
				D32B13CE273965120039CC06 /* MenuOptionsCell.swift in Sources */,
				D33D95A82745E114001FBC48 /* SearchMapController.swift in Sources */,
				D3459C48278DAF9A00B61C6E /* SporevoMapAction.swift in Sources */,
				D32B8C4C2754770A0036FA98 /* Facility.swift in Sources */,
				D3459C2F278C40F300B61C6E /* TagEntity.swift in Sources */,
				D32B13C4273931EB0039CC06 /* Constants.swift in Sources */,
				D32B13D0273A0E490039CC06 /* institutionCell.swift in Sources */,
				D32B13CC273964000039CC06 /* MenuOptions.swift in Sources */,
				D3B72CA42749278A00253933 /* InstitutionListController.swift in Sources */,
				D3459C24278C184000B61C6E /* DetailSearchReducer.swift in Sources */,
				D3D81183274F98DF00A380B1 /* ViewController+Extension.swift in Sources */,
				D32B13C8273960720039CC06 /* ContainerController.swift in Sources */,
				D3D81174274E564900A380B1 /* Tag.swift in Sources */,
				D32B13C6273944840039CC06 /* CustomSearchSectionHeader.swift in Sources */,
				D3459C37278C42BE00B61C6E /* PrefectureEntity.swift in Sources */,
			);
			runOnlyForDeploymentPostprocessing = 0;
		};
/* End PBXSourcesBuildPhase section */

/* Begin XCBuildConfiguration section */
		D32B13882738D8450039CC06 /* Debug */ = {
			isa = XCBuildConfiguration;
			buildSettings = {
				ALWAYS_SEARCH_USER_PATHS = NO;
				CLANG_ANALYZER_NONNULL = YES;
				CLANG_ANALYZER_NUMBER_OBJECT_CONVERSION = YES_AGGRESSIVE;
				CLANG_CXX_LANGUAGE_STANDARD = "gnu++17";
				CLANG_CXX_LIBRARY = "libc++";
				CLANG_ENABLE_MODULES = YES;
				CLANG_ENABLE_OBJC_ARC = YES;
				CLANG_ENABLE_OBJC_WEAK = YES;
				CLANG_WARN_BLOCK_CAPTURE_AUTORELEASING = YES;
				CLANG_WARN_BOOL_CONVERSION = YES;
				CLANG_WARN_COMMA = YES;
				CLANG_WARN_CONSTANT_CONVERSION = YES;
				CLANG_WARN_DEPRECATED_OBJC_IMPLEMENTATIONS = YES;
				CLANG_WARN_DIRECT_OBJC_ISA_USAGE = YES_ERROR;
				CLANG_WARN_DOCUMENTATION_COMMENTS = YES;
				CLANG_WARN_EMPTY_BODY = YES;
				CLANG_WARN_ENUM_CONVERSION = YES;
				CLANG_WARN_INFINITE_RECURSION = YES;
				CLANG_WARN_INT_CONVERSION = YES;
				CLANG_WARN_NON_LITERAL_NULL_CONVERSION = YES;
				CLANG_WARN_OBJC_IMPLICIT_RETAIN_SELF = YES;
				CLANG_WARN_OBJC_LITERAL_CONVERSION = YES;
				CLANG_WARN_OBJC_ROOT_CLASS = YES_ERROR;
				CLANG_WARN_QUOTED_INCLUDE_IN_FRAMEWORK_HEADER = YES;
				CLANG_WARN_RANGE_LOOP_ANALYSIS = YES;
				CLANG_WARN_STRICT_PROTOTYPES = YES;
				CLANG_WARN_SUSPICIOUS_MOVE = YES;
				CLANG_WARN_UNGUARDED_AVAILABILITY = YES_AGGRESSIVE;
				CLANG_WARN_UNREACHABLE_CODE = YES;
				CLANG_WARN__DUPLICATE_METHOD_MATCH = YES;
				COPY_PHASE_STRIP = NO;
				DEBUG_INFORMATION_FORMAT = dwarf;
				ENABLE_STRICT_OBJC_MSGSEND = YES;
				ENABLE_TESTABILITY = YES;
				GCC_C_LANGUAGE_STANDARD = gnu11;
				GCC_DYNAMIC_NO_PIC = NO;
				GCC_NO_COMMON_BLOCKS = YES;
				GCC_OPTIMIZATION_LEVEL = 0;
				GCC_PREPROCESSOR_DEFINITIONS = (
					"DEBUG=1",
					"$(inherited)",
				);
				GCC_WARN_64_TO_32_BIT_CONVERSION = YES;
				GCC_WARN_ABOUT_RETURN_TYPE = YES_ERROR;
				GCC_WARN_UNDECLARED_SELECTOR = YES;
				GCC_WARN_UNINITIALIZED_AUTOS = YES_AGGRESSIVE;
				GCC_WARN_UNUSED_FUNCTION = YES;
				GCC_WARN_UNUSED_VARIABLE = YES;
				IPHONEOS_DEPLOYMENT_TARGET = 15.0;
				MTL_ENABLE_DEBUG_INFO = INCLUDE_SOURCE;
				MTL_FAST_MATH = YES;
				ONLY_ACTIVE_ARCH = YES;
				SDKROOT = iphoneos;
				SWIFT_ACTIVE_COMPILATION_CONDITIONS = DEBUG;
				SWIFT_OPTIMIZATION_LEVEL = "-Onone";
			};
			name = Debug;
		};
		D32B13892738D8450039CC06 /* Release */ = {
			isa = XCBuildConfiguration;
			buildSettings = {
				ALWAYS_SEARCH_USER_PATHS = NO;
				CLANG_ANALYZER_NONNULL = YES;
				CLANG_ANALYZER_NUMBER_OBJECT_CONVERSION = YES_AGGRESSIVE;
				CLANG_CXX_LANGUAGE_STANDARD = "gnu++17";
				CLANG_CXX_LIBRARY = "libc++";
				CLANG_ENABLE_MODULES = YES;
				CLANG_ENABLE_OBJC_ARC = YES;
				CLANG_ENABLE_OBJC_WEAK = YES;
				CLANG_WARN_BLOCK_CAPTURE_AUTORELEASING = YES;
				CLANG_WARN_BOOL_CONVERSION = YES;
				CLANG_WARN_COMMA = YES;
				CLANG_WARN_CONSTANT_CONVERSION = YES;
				CLANG_WARN_DEPRECATED_OBJC_IMPLEMENTATIONS = YES;
				CLANG_WARN_DIRECT_OBJC_ISA_USAGE = YES_ERROR;
				CLANG_WARN_DOCUMENTATION_COMMENTS = YES;
				CLANG_WARN_EMPTY_BODY = YES;
				CLANG_WARN_ENUM_CONVERSION = YES;
				CLANG_WARN_INFINITE_RECURSION = YES;
				CLANG_WARN_INT_CONVERSION = YES;
				CLANG_WARN_NON_LITERAL_NULL_CONVERSION = YES;
				CLANG_WARN_OBJC_IMPLICIT_RETAIN_SELF = YES;
				CLANG_WARN_OBJC_LITERAL_CONVERSION = YES;
				CLANG_WARN_OBJC_ROOT_CLASS = YES_ERROR;
				CLANG_WARN_QUOTED_INCLUDE_IN_FRAMEWORK_HEADER = YES;
				CLANG_WARN_RANGE_LOOP_ANALYSIS = YES;
				CLANG_WARN_STRICT_PROTOTYPES = YES;
				CLANG_WARN_SUSPICIOUS_MOVE = YES;
				CLANG_WARN_UNGUARDED_AVAILABILITY = YES_AGGRESSIVE;
				CLANG_WARN_UNREACHABLE_CODE = YES;
				CLANG_WARN__DUPLICATE_METHOD_MATCH = YES;
				COPY_PHASE_STRIP = NO;
				DEBUG_INFORMATION_FORMAT = "dwarf-with-dsym";
				ENABLE_NS_ASSERTIONS = NO;
				ENABLE_STRICT_OBJC_MSGSEND = YES;
				GCC_C_LANGUAGE_STANDARD = gnu11;
				GCC_NO_COMMON_BLOCKS = YES;
				GCC_WARN_64_TO_32_BIT_CONVERSION = YES;
				GCC_WARN_ABOUT_RETURN_TYPE = YES_ERROR;
				GCC_WARN_UNDECLARED_SELECTOR = YES;
				GCC_WARN_UNINITIALIZED_AUTOS = YES_AGGRESSIVE;
				GCC_WARN_UNUSED_FUNCTION = YES;
				GCC_WARN_UNUSED_VARIABLE = YES;
				IPHONEOS_DEPLOYMENT_TARGET = 15.0;
				MTL_ENABLE_DEBUG_INFO = NO;
				MTL_FAST_MATH = YES;
				SDKROOT = iphoneos;
				SWIFT_COMPILATION_MODE = wholemodule;
				SWIFT_OPTIMIZATION_LEVEL = "-O";
				VALIDATE_PRODUCT = YES;
			};
			name = Release;
		};
		D32B138B2738D8450039CC06 /* Debug */ = {
			isa = XCBuildConfiguration;
			baseConfigurationReference = BC4DD863CB20520031AB2ADC /* Pods-Sporevo.debug.xcconfig */;
			buildSettings = {
				ASSETCATALOG_COMPILER_APPICON_NAME = AppIcon;
				ASSETCATALOG_COMPILER_GLOBAL_ACCENT_COLOR_NAME = AccentColor;
				CODE_SIGN_STYLE = Automatic;
				CURRENT_PROJECT_VERSION = 1;
				DEVELOPMENT_TEAM = LSUSGUW6L4;
				GENERATE_INFOPLIST_FILE = YES;
				INFOPLIST_FILE = Sporevo/Info.plist;
				INFOPLIST_KEY_NSLocationAlwaysAndWhenInUseUsageDescription = "";
				INFOPLIST_KEY_NSLocationAlwaysUsageDescription = "";
				INFOPLIST_KEY_NSLocationWhenInUseUsageDescription = "";
				INFOPLIST_KEY_UIApplicationSupportsIndirectInputEvents = YES;
				INFOPLIST_KEY_UILaunchStoryboardName = LaunchScreen;
				INFOPLIST_KEY_UISupportedInterfaceOrientations_iPad = "UIInterfaceOrientationPortrait UIInterfaceOrientationPortraitUpsideDown UIInterfaceOrientationLandscapeLeft UIInterfaceOrientationLandscapeRight";
				INFOPLIST_KEY_UISupportedInterfaceOrientations_iPhone = "UIInterfaceOrientationPortrait UIInterfaceOrientationLandscapeLeft UIInterfaceOrientationLandscapeRight";
				INFOPLIST_KEY_UIUserInterfaceStyle = Light;
				LD_RUNPATH_SEARCH_PATHS = (
					"$(inherited)",
					"@executable_path/Frameworks",
				);
				MARKETING_VERSION = 3.0;
				PRODUCT_BUNDLE_IDENTIFIER = com.mizuki.Sporevo;
				PRODUCT_NAME = "$(TARGET_NAME)";
				SWIFT_EMIT_LOC_STRINGS = YES;
				SWIFT_VERSION = 5.0;
				TARGETED_DEVICE_FAMILY = 1;
			};
			name = Debug;
		};
		D32B138C2738D8450039CC06 /* Release */ = {
			isa = XCBuildConfiguration;
			baseConfigurationReference = 2C93011280A86064B55CC333 /* Pods-Sporevo.release.xcconfig */;
			buildSettings = {
				ASSETCATALOG_COMPILER_APPICON_NAME = AppIcon;
				ASSETCATALOG_COMPILER_GLOBAL_ACCENT_COLOR_NAME = AccentColor;
				CODE_SIGN_STYLE = Automatic;
				CURRENT_PROJECT_VERSION = 1;
				DEVELOPMENT_TEAM = LSUSGUW6L4;
				GENERATE_INFOPLIST_FILE = YES;
				INFOPLIST_FILE = Sporevo/Info.plist;
				INFOPLIST_KEY_NSLocationAlwaysAndWhenInUseUsageDescription = "";
				INFOPLIST_KEY_NSLocationAlwaysUsageDescription = "";
				INFOPLIST_KEY_NSLocationWhenInUseUsageDescription = "";
				INFOPLIST_KEY_UIApplicationSupportsIndirectInputEvents = YES;
				INFOPLIST_KEY_UILaunchStoryboardName = LaunchScreen;
				INFOPLIST_KEY_UISupportedInterfaceOrientations_iPad = "UIInterfaceOrientationPortrait UIInterfaceOrientationPortraitUpsideDown UIInterfaceOrientationLandscapeLeft UIInterfaceOrientationLandscapeRight";
				INFOPLIST_KEY_UISupportedInterfaceOrientations_iPhone = "UIInterfaceOrientationPortrait UIInterfaceOrientationLandscapeLeft UIInterfaceOrientationLandscapeRight";
				INFOPLIST_KEY_UIUserInterfaceStyle = Light;
				LD_RUNPATH_SEARCH_PATHS = (
					"$(inherited)",
					"@executable_path/Frameworks",
				);
				MARKETING_VERSION = 3.0;
				PRODUCT_BUNDLE_IDENTIFIER = com.mizuki.Sporevo;
				PRODUCT_NAME = "$(TARGET_NAME)";
				SWIFT_EMIT_LOC_STRINGS = YES;
				SWIFT_VERSION = 5.0;
				TARGETED_DEVICE_FAMILY = 1;
			};
			name = Release;
		};
/* End XCBuildConfiguration section */

/* Begin XCConfigurationList section */
		D32B13712738D8430039CC06 /* Build configuration list for PBXProject "Sporevo" */ = {
			isa = XCConfigurationList;
			buildConfigurations = (
				D32B13882738D8450039CC06 /* Debug */,
				D32B13892738D8450039CC06 /* Release */,
			);
			defaultConfigurationIsVisible = 0;
			defaultConfigurationName = Release;
		};
		D32B138A2738D8450039CC06 /* Build configuration list for PBXNativeTarget "Sporevo" */ = {
			isa = XCConfigurationList;
			buildConfigurations = (
				D32B138B2738D8450039CC06 /* Debug */,
				D32B138C2738D8450039CC06 /* Release */,
			);
			defaultConfigurationIsVisible = 0;
			defaultConfigurationName = Release;
		};
/* End XCConfigurationList section */

/* Begin XCRemoteSwiftPackageReference section */
		D312C2222742363C00DF7E83 /* XCRemoteSwiftPackageReference "Alamofire" */ = {
			isa = XCRemoteSwiftPackageReference;
			repositoryURL = "https://github.com/Alamofire/Alamofire.git";
			requirement = {
				branch = master;
				kind = branch;
			};
		};
		D3F21519279ED9AA009897CE /* XCRemoteSwiftPackageReference "RxSwift" */ = {
			isa = XCRemoteSwiftPackageReference;
			repositoryURL = "https://github.com/ReactiveX/RxSwift";
			requirement = {
				kind = upToNextMajorVersion;
				minimumVersion = 6.0.0;
			};
		};
/* End XCRemoteSwiftPackageReference section */

/* Begin XCSwiftPackageProductDependency section */
		D312C2232742363C00DF7E83 /* Alamofire */ = {
			isa = XCSwiftPackageProductDependency;
			package = D312C2222742363C00DF7E83 /* XCRemoteSwiftPackageReference "Alamofire" */;
			productName = Alamofire;
		};
		D3F2151A279ED9AA009897CE /* RxCocoa */ = {
			isa = XCSwiftPackageProductDependency;
			package = D3F21519279ED9AA009897CE /* XCRemoteSwiftPackageReference "RxSwift" */;
			productName = RxCocoa;
		};
		D3F2151C279ED9AA009897CE /* RxRelay */ = {
			isa = XCSwiftPackageProductDependency;
			package = D3F21519279ED9AA009897CE /* XCRemoteSwiftPackageReference "RxSwift" */;
			productName = RxRelay;
		};
		D3F2151E279ED9AA009897CE /* RxSwift */ = {
			isa = XCSwiftPackageProductDependency;
			package = D3F21519279ED9AA009897CE /* XCRemoteSwiftPackageReference "RxSwift" */;
			productName = RxSwift;
		};
/* End XCSwiftPackageProductDependency section */
	};
	rootObject = D32B136E2738D8430039CC06 /* Project object */;
}
