// !$*UTF8*$!
{
	archiveVersion = 1;
	classes = {
	};
	objectVersion = 55;
	objects = {

/* Begin PBXBuildFile section */
		D32B137A2738D8430039CC06 /* AppDelegate.swift in Sources */ = {isa = PBXBuildFile; fileRef = D32B13792738D8430039CC06 /* AppDelegate.swift */; };
		D32B137C2738D8430039CC06 /* SceneDelegate.swift in Sources */ = {isa = PBXBuildFile; fileRef = D32B137B2738D8430039CC06 /* SceneDelegate.swift */; };
		D32B137E2738D8430039CC06 /* SporevoMainController.swift in Sources */ = {isa = PBXBuildFile; fileRef = D32B137D2738D8430039CC06 /* SporevoMainController.swift */; };
		D32B13832738D8450039CC06 /* Assets.xcassets in Resources */ = {isa = PBXBuildFile; fileRef = D32B13822738D8450039CC06 /* Assets.xcassets */; };
		D32B13B7273901230039CC06 /* Anchor-Extension.swift in Sources */ = {isa = PBXBuildFile; fileRef = D32B13B6273901230039CC06 /* Anchor-Extension.swift */; };
		D32B13B9273902670039CC06 /* SearchOptions.swift in Sources */ = {isa = PBXBuildFile; fileRef = D32B13B8273902670039CC06 /* SearchOptions.swift */; };
		D32B13BE2739038A0039CC06 /* SearchCell.swift in Sources */ = {isa = PBXBuildFile; fileRef = D32B13BD2739038A0039CC06 /* SearchCell.swift */; };
		D32B13C0273904370039CC06 /* MainHeaderView.swift in Sources */ = {isa = PBXBuildFile; fileRef = D32B13BF273904370039CC06 /* MainHeaderView.swift */; };
		D32B13C227392BCC0039CC06 /* SearchListController.swift in Sources */ = {isa = PBXBuildFile; fileRef = D32B13C127392BCC0039CC06 /* SearchListController.swift */; };
		D32B13C4273931EB0039CC06 /* Constants.swift in Sources */ = {isa = PBXBuildFile; fileRef = D32B13C3273931EB0039CC06 /* Constants.swift */; };
		D32B13C6273944840039CC06 /* CustomSearchSectionHeader.swift in Sources */ = {isa = PBXBuildFile; fileRef = D32B13C5273944840039CC06 /* CustomSearchSectionHeader.swift */; };
		D32B13C8273960720039CC06 /* ContainerController.swift in Sources */ = {isa = PBXBuildFile; fileRef = D32B13C7273960720039CC06 /* ContainerController.swift */; };
		D32B13CA273961CD0039CC06 /* MenuController.swift in Sources */ = {isa = PBXBuildFile; fileRef = D32B13C9273961CD0039CC06 /* MenuController.swift */; };
		D32B13CC273964000039CC06 /* MenuOptions.swift in Sources */ = {isa = PBXBuildFile; fileRef = D32B13CB273964000039CC06 /* MenuOptions.swift */; };
		D32B13CE273965120039CC06 /* MenuOptionsCell.swift in Sources */ = {isa = PBXBuildFile; fileRef = D32B13CD273965120039CC06 /* MenuOptionsCell.swift */; };
		D32B13D0273A0E490039CC06 /* institutionCell.swift in Sources */ = {isa = PBXBuildFile; fileRef = D32B13CF273A0E480039CC06 /* institutionCell.swift */; };
		D32B13D2273A25E00039CC06 /* InstitutionDetailController.swift in Sources */ = {isa = PBXBuildFile; fileRef = D32B13D1273A25E00039CC06 /* InstitutionDetailController.swift */; };
		D32B13D6273A2FB70039CC06 /* InstitutionHeader.swift in Sources */ = {isa = PBXBuildFile; fileRef = D32B13D5273A2FB70039CC06 /* InstitutionHeader.swift */; };
		D32B13D8273A30FA0039CC06 /* CompetionView.swift in Sources */ = {isa = PBXBuildFile; fileRef = D32B13D7273A30FA0039CC06 /* CompetionView.swift */; };
		D32B13DC273A51C00039CC06 /* TagLabel.swift in Sources */ = {isa = PBXBuildFile; fileRef = D32B13DB273A51C00039CC06 /* TagLabel.swift */; };
/* End PBXBuildFile section */

/* Begin PBXFileReference section */
		D32B13762738D8430039CC06 /* Sporevo.app */ = {isa = PBXFileReference; explicitFileType = wrapper.application; includeInIndex = 0; path = Sporevo.app; sourceTree = BUILT_PRODUCTS_DIR; };
		D32B13792738D8430039CC06 /* AppDelegate.swift */ = {isa = PBXFileReference; lastKnownFileType = sourcecode.swift; path = AppDelegate.swift; sourceTree = "<group>"; };
		D32B137B2738D8430039CC06 /* SceneDelegate.swift */ = {isa = PBXFileReference; lastKnownFileType = sourcecode.swift; path = SceneDelegate.swift; sourceTree = "<group>"; };
		D32B137D2738D8430039CC06 /* SporevoMainController.swift */ = {isa = PBXFileReference; lastKnownFileType = sourcecode.swift; path = SporevoMainController.swift; sourceTree = "<group>"; };
		D32B13822738D8450039CC06 /* Assets.xcassets */ = {isa = PBXFileReference; lastKnownFileType = folder.assetcatalog; path = Assets.xcassets; sourceTree = "<group>"; };
		D32B13872738D8450039CC06 /* Info.plist */ = {isa = PBXFileReference; lastKnownFileType = text.plist.xml; path = Info.plist; sourceTree = "<group>"; };
		D32B13B6273901230039CC06 /* Anchor-Extension.swift */ = {isa = PBXFileReference; lastKnownFileType = sourcecode.swift; path = "Anchor-Extension.swift"; sourceTree = "<group>"; };
		D32B13B8273902670039CC06 /* SearchOptions.swift */ = {isa = PBXFileReference; lastKnownFileType = sourcecode.swift; path = SearchOptions.swift; sourceTree = "<group>"; };
		D32B13BD2739038A0039CC06 /* SearchCell.swift */ = {isa = PBXFileReference; lastKnownFileType = sourcecode.swift; path = SearchCell.swift; sourceTree = "<group>"; };
		D32B13BF273904370039CC06 /* MainHeaderView.swift */ = {isa = PBXFileReference; lastKnownFileType = sourcecode.swift; path = MainHeaderView.swift; sourceTree = "<group>"; };
		D32B13C127392BCC0039CC06 /* SearchListController.swift */ = {isa = PBXFileReference; lastKnownFileType = sourcecode.swift; path = SearchListController.swift; sourceTree = "<group>"; };
		D32B13C3273931EB0039CC06 /* Constants.swift */ = {isa = PBXFileReference; lastKnownFileType = sourcecode.swift; path = Constants.swift; sourceTree = "<group>"; };
		D32B13C5273944840039CC06 /* CustomSearchSectionHeader.swift */ = {isa = PBXFileReference; lastKnownFileType = sourcecode.swift; path = CustomSearchSectionHeader.swift; sourceTree = "<group>"; };
		D32B13C7273960720039CC06 /* ContainerController.swift */ = {isa = PBXFileReference; lastKnownFileType = sourcecode.swift; path = ContainerController.swift; sourceTree = "<group>"; };
		D32B13C9273961CD0039CC06 /* MenuController.swift */ = {isa = PBXFileReference; lastKnownFileType = sourcecode.swift; path = MenuController.swift; sourceTree = "<group>"; };
		D32B13CB273964000039CC06 /* MenuOptions.swift */ = {isa = PBXFileReference; lastKnownFileType = sourcecode.swift; path = MenuOptions.swift; sourceTree = "<group>"; };
		D32B13CD273965120039CC06 /* MenuOptionsCell.swift */ = {isa = PBXFileReference; lastKnownFileType = sourcecode.swift; path = MenuOptionsCell.swift; sourceTree = "<group>"; };
		D32B13CF273A0E480039CC06 /* institutionCell.swift */ = {isa = PBXFileReference; lastKnownFileType = sourcecode.swift; path = institutionCell.swift; sourceTree = "<group>"; };
		D32B13D1273A25E00039CC06 /* InstitutionDetailController.swift */ = {isa = PBXFileReference; lastKnownFileType = sourcecode.swift; path = InstitutionDetailController.swift; sourceTree = "<group>"; };
		D32B13D5273A2FB70039CC06 /* InstitutionHeader.swift */ = {isa = PBXFileReference; lastKnownFileType = sourcecode.swift; path = InstitutionHeader.swift; sourceTree = "<group>"; };
		D32B13D7273A30FA0039CC06 /* CompetionView.swift */ = {isa = PBXFileReference; lastKnownFileType = sourcecode.swift; path = CompetionView.swift; sourceTree = "<group>"; };
		D32B13DB273A51C00039CC06 /* TagLabel.swift */ = {isa = PBXFileReference; lastKnownFileType = sourcecode.swift; path = TagLabel.swift; sourceTree = "<group>"; };
/* End PBXFileReference section */

/* Begin PBXFrameworksBuildPhase section */
		D32B13732738D8430039CC06 /* Frameworks */ = {
			isa = PBXFrameworksBuildPhase;
			buildActionMask = 2147483647;
			files = (
			);
			runOnlyForDeploymentPostprocessing = 0;
		};
/* End PBXFrameworksBuildPhase section */

/* Begin PBXGroup section */
		D32B136D2738D8430039CC06 = {
			isa = PBXGroup;
			children = (
				D32B13782738D8430039CC06 /* Sporevo */,
				D32B13772738D8430039CC06 /* Products */,
			);
			sourceTree = "<group>";
		};
		D32B13772738D8430039CC06 /* Products */ = {
			isa = PBXGroup;
			children = (
				D32B13762738D8430039CC06 /* Sporevo.app */,
			);
			name = Products;
			sourceTree = "<group>";
		};
		D32B13782738D8430039CC06 /* Sporevo */ = {
			isa = PBXGroup;
			children = (
				D32B13792738D8430039CC06 /* AppDelegate.swift */,
				D32B137B2738D8430039CC06 /* SceneDelegate.swift */,
				D32B13822738D8450039CC06 /* Assets.xcassets */,
				D32B13B52738FF1F0039CC06 /*  ViewModel */,
				D32B13B42738FF1B0039CC06 /* Model */,
				D32B13B32738FF170039CC06 /* Views */,
				D32B13B22738FF110039CC06 /* Extensiton */,
				D32B13872738D8450039CC06 /* Info.plist */,
			);
			path = Sporevo;
			sourceTree = "<group>";
		};
		D32B13B22738FF110039CC06 /* Extensiton */ = {
			isa = PBXGroup;
			children = (
				D32B13B6273901230039CC06 /* Anchor-Extension.swift */,
				D32B13C3273931EB0039CC06 /* Constants.swift */,
			);
			path = Extensiton;
			sourceTree = "<group>";
		};
		D32B13B32738FF170039CC06 /* Views */ = {
			isa = PBXGroup;
			children = (
				D32B13BC273903790039CC06 /* CustomView */,
				D32B13BB273903740039CC06 /* Controller */,
				D32B13BA2739036F0039CC06 /* Cells */,
			);
			path = Views;
			sourceTree = "<group>";
		};
		D32B13B42738FF1B0039CC06 /* Model */ = {
			isa = PBXGroup;
			children = (
				D32B13B8273902670039CC06 /* SearchOptions.swift */,
				D32B13CB273964000039CC06 /* MenuOptions.swift */,
			);
			path = Model;
			sourceTree = "<group>";
		};
		D32B13B52738FF1F0039CC06 /*  ViewModel */ = {
			isa = PBXGroup;
			children = (
			);
			path = " ViewModel";
			sourceTree = "<group>";
		};
		D32B13BA2739036F0039CC06 /* Cells */ = {
			isa = PBXGroup;
			children = (
				D32B13BD2739038A0039CC06 /* SearchCell.swift */,
				D32B13CD273965120039CC06 /* MenuOptionsCell.swift */,
				D32B13CF273A0E480039CC06 /* institutionCell.swift */,
			);
			path = Cells;
			sourceTree = "<group>";
		};
		D32B13BB273903740039CC06 /* Controller */ = {
			isa = PBXGroup;
			children = (
				D32B137D2738D8430039CC06 /* SporevoMainController.swift */,
				D32B13C127392BCC0039CC06 /* SearchListController.swift */,
				D32B13C7273960720039CC06 /* ContainerController.swift */,
				D32B13C9273961CD0039CC06 /* MenuController.swift */,
				D32B13D1273A25E00039CC06 /* InstitutionDetailController.swift */,
			);
			path = Controller;
			sourceTree = "<group>";
		};
		D32B13BC273903790039CC06 /* CustomView */ = {
			isa = PBXGroup;
			children = (
				D32B13BF273904370039CC06 /* MainHeaderView.swift */,
				D32B13C5273944840039CC06 /* CustomSearchSectionHeader.swift */,
				D32B13D5273A2FB70039CC06 /* InstitutionHeader.swift */,
				D32B13D7273A30FA0039CC06 /* CompetionView.swift */,
				D32B13DB273A51C00039CC06 /* TagLabel.swift */,
			);
			path = CustomView;
			sourceTree = "<group>";
		};
/* End PBXGroup section */

/* Begin PBXNativeTarget section */
		D32B13752738D8430039CC06 /* Sporevo */ = {
			isa = PBXNativeTarget;
			buildConfigurationList = D32B138A2738D8450039CC06 /* Build configuration list for PBXNativeTarget "Sporevo" */;
			buildPhases = (
				D32B13722738D8430039CC06 /* Sources */,
				D32B13732738D8430039CC06 /* Frameworks */,
				D32B13742738D8430039CC06 /* Resources */,
			);
			buildRules = (
			);
			dependencies = (
			);
			name = Sporevo;
			productName = Sporevo;
			productReference = D32B13762738D8430039CC06 /* Sporevo.app */;
			productType = "com.apple.product-type.application";
		};
/* End PBXNativeTarget section */

/* Begin PBXProject section */
		D32B136E2738D8430039CC06 /* Project object */ = {
			isa = PBXProject;
			attributes = {
				BuildIndependentTargetsInParallel = 1;
				LastSwiftUpdateCheck = 1310;
				LastUpgradeCheck = 1310;
				TargetAttributes = {
					D32B13752738D8430039CC06 = {
						CreatedOnToolsVersion = 13.1;
					};
				};
			};
			buildConfigurationList = D32B13712738D8430039CC06 /* Build configuration list for PBXProject "Sporevo" */;
			compatibilityVersion = "Xcode 13.0";
			developmentRegion = en;
			hasScannedForEncodings = 0;
			knownRegions = (
				en,
				Base,
			);
			mainGroup = D32B136D2738D8430039CC06;
			productRefGroup = D32B13772738D8430039CC06 /* Products */;
			projectDirPath = "";
			projectRoot = "";
			targets = (
				D32B13752738D8430039CC06 /* Sporevo */,
			);
		};
/* End PBXProject section */

/* Begin PBXResourcesBuildPhase section */
		D32B13742738D8430039CC06 /* Resources */ = {
			isa = PBXResourcesBuildPhase;
			buildActionMask = 2147483647;
			files = (
				D32B13832738D8450039CC06 /* Assets.xcassets in Resources */,
			);
			runOnlyForDeploymentPostprocessing = 0;
		};
/* End PBXResourcesBuildPhase section */

/* Begin PBXSourcesBuildPhase section */
		D32B13722738D8430039CC06 /* Sources */ = {
			isa = PBXSourcesBuildPhase;
			buildActionMask = 2147483647;
			files = (
				D32B13DC273A51C00039CC06 /* TagLabel.swift in Sources */,
				D32B13D6273A2FB70039CC06 /* InstitutionHeader.swift in Sources */,
				D32B13B9273902670039CC06 /* SearchOptions.swift in Sources */,
				D32B13BE2739038A0039CC06 /* SearchCell.swift in Sources */,
				D32B13C0273904370039CC06 /* MainHeaderView.swift in Sources */,
				D32B13C227392BCC0039CC06 /* SearchListController.swift in Sources */,
				D32B13CA273961CD0039CC06 /* MenuController.swift in Sources */,
				D32B13D8273A30FA0039CC06 /* CompetionView.swift in Sources */,
				D32B137E2738D8430039CC06 /* SporevoMainController.swift in Sources */,
				D32B137A2738D8430039CC06 /* AppDelegate.swift in Sources */,
				D32B13D2273A25E00039CC06 /* InstitutionDetailController.swift in Sources */,
				D32B13B7273901230039CC06 /* Anchor-Extension.swift in Sources */,
				D32B137C2738D8430039CC06 /* SceneDelegate.swift in Sources */,
				D32B13CE273965120039CC06 /* MenuOptionsCell.swift in Sources */,
				D32B13C4273931EB0039CC06 /* Constants.swift in Sources */,
				D32B13D0273A0E490039CC06 /* institutionCell.swift in Sources */,
				D32B13CC273964000039CC06 /* MenuOptions.swift in Sources */,
				D32B13C8273960720039CC06 /* ContainerController.swift in Sources */,
				D32B13C6273944840039CC06 /* CustomSearchSectionHeader.swift in Sources */,
			);
			runOnlyForDeploymentPostprocessing = 0;
		};
/* End PBXSourcesBuildPhase section */

/* Begin XCBuildConfiguration section */
		D32B13882738D8450039CC06 /* Debug */ = {
			isa = XCBuildConfiguration;
			buildSettings = {
				ALWAYS_SEARCH_USER_PATHS = NO;
				CLANG_ANALYZER_NONNULL = YES;
				CLANG_ANALYZER_NUMBER_OBJECT_CONVERSION = YES_AGGRESSIVE;
				CLANG_CXX_LANGUAGE_STANDARD = "gnu++17";
				CLANG_CXX_LIBRARY = "libc++";
				CLANG_ENABLE_MODULES = YES;
				CLANG_ENABLE_OBJC_ARC = YES;
				CLANG_ENABLE_OBJC_WEAK = YES;
				CLANG_WARN_BLOCK_CAPTURE_AUTORELEASING = YES;
				CLANG_WARN_BOOL_CONVERSION = YES;
				CLANG_WARN_COMMA = YES;
				CLANG_WARN_CONSTANT_CONVERSION = YES;
				CLANG_WARN_DEPRECATED_OBJC_IMPLEMENTATIONS = YES;
				CLANG_WARN_DIRECT_OBJC_ISA_USAGE = YES_ERROR;
				CLANG_WARN_DOCUMENTATION_COMMENTS = YES;
				CLANG_WARN_EMPTY_BODY = YES;
				CLANG_WARN_ENUM_CONVERSION = YES;
				CLANG_WARN_INFINITE_RECURSION = YES;
				CLANG_WARN_INT_CONVERSION = YES;
				CLANG_WARN_NON_LITERAL_NULL_CONVERSION = YES;
				CLANG_WARN_OBJC_IMPLICIT_RETAIN_SELF = YES;
				CLANG_WARN_OBJC_LITERAL_CONVERSION = YES;
				CLANG_WARN_OBJC_ROOT_CLASS = YES_ERROR;
				CLANG_WARN_QUOTED_INCLUDE_IN_FRAMEWORK_HEADER = YES;
				CLANG_WARN_RANGE_LOOP_ANALYSIS = YES;
				CLANG_WARN_STRICT_PROTOTYPES = YES;
				CLANG_WARN_SUSPICIOUS_MOVE = YES;
				CLANG_WARN_UNGUARDED_AVAILABILITY = YES_AGGRESSIVE;
				CLANG_WARN_UNREACHABLE_CODE = YES;
				CLANG_WARN__DUPLICATE_METHOD_MATCH = YES;
				COPY_PHASE_STRIP = NO;
				DEBUG_INFORMATION_FORMAT = dwarf;
				ENABLE_STRICT_OBJC_MSGSEND = YES;
				ENABLE_TESTABILITY = YES;
				GCC_C_LANGUAGE_STANDARD = gnu11;
				GCC_DYNAMIC_NO_PIC = NO;
				GCC_NO_COMMON_BLOCKS = YES;
				GCC_OPTIMIZATION_LEVEL = 0;
				GCC_PREPROCESSOR_DEFINITIONS = (
					"DEBUG=1",
					"$(inherited)",
				);
				GCC_WARN_64_TO_32_BIT_CONVERSION = YES;
				GCC_WARN_ABOUT_RETURN_TYPE = YES_ERROR;
				GCC_WARN_UNDECLARED_SELECTOR = YES;
				GCC_WARN_UNINITIALIZED_AUTOS = YES_AGGRESSIVE;
				GCC_WARN_UNUSED_FUNCTION = YES;
				GCC_WARN_UNUSED_VARIABLE = YES;
				IPHONEOS_DEPLOYMENT_TARGET = 15.0;
				MTL_ENABLE_DEBUG_INFO = INCLUDE_SOURCE;
				MTL_FAST_MATH = YES;
				ONLY_ACTIVE_ARCH = YES;
				SDKROOT = iphoneos;
				SWIFT_ACTIVE_COMPILATION_CONDITIONS = DEBUG;
				SWIFT_OPTIMIZATION_LEVEL = "-Onone";
			};
			name = Debug;
		};
		D32B13892738D8450039CC06 /* Release */ = {
			isa = XCBuildConfiguration;
			buildSettings = {
				ALWAYS_SEARCH_USER_PATHS = NO;
				CLANG_ANALYZER_NONNULL = YES;
				CLANG_ANALYZER_NUMBER_OBJECT_CONVERSION = YES_AGGRESSIVE;
				CLANG_CXX_LANGUAGE_STANDARD = "gnu++17";
				CLANG_CXX_LIBRARY = "libc++";
				CLANG_ENABLE_MODULES = YES;
				CLANG_ENABLE_OBJC_ARC = YES;
				CLANG_ENABLE_OBJC_WEAK = YES;
				CLANG_WARN_BLOCK_CAPTURE_AUTORELEASING = YES;
				CLANG_WARN_BOOL_CONVERSION = YES;
				CLANG_WARN_COMMA = YES;
				CLANG_WARN_CONSTANT_CONVERSION = YES;
				CLANG_WARN_DEPRECATED_OBJC_IMPLEMENTATIONS = YES;
				CLANG_WARN_DIRECT_OBJC_ISA_USAGE = YES_ERROR;
				CLANG_WARN_DOCUMENTATION_COMMENTS = YES;
				CLANG_WARN_EMPTY_BODY = YES;
				CLANG_WARN_ENUM_CONVERSION = YES;
				CLANG_WARN_INFINITE_RECURSION = YES;
				CLANG_WARN_INT_CONVERSION = YES;
				CLANG_WARN_NON_LITERAL_NULL_CONVERSION = YES;
				CLANG_WARN_OBJC_IMPLICIT_RETAIN_SELF = YES;
				CLANG_WARN_OBJC_LITERAL_CONVERSION = YES;
				CLANG_WARN_OBJC_ROOT_CLASS = YES_ERROR;
				CLANG_WARN_QUOTED_INCLUDE_IN_FRAMEWORK_HEADER = YES;
				CLANG_WARN_RANGE_LOOP_ANALYSIS = YES;
				CLANG_WARN_STRICT_PROTOTYPES = YES;
				CLANG_WARN_SUSPICIOUS_MOVE = YES;
				CLANG_WARN_UNGUARDED_AVAILABILITY = YES_AGGRESSIVE;
				CLANG_WARN_UNREACHABLE_CODE = YES;
				CLANG_WARN__DUPLICATE_METHOD_MATCH = YES;
				COPY_PHASE_STRIP = NO;
				DEBUG_INFORMATION_FORMAT = "dwarf-with-dsym";
				ENABLE_NS_ASSERTIONS = NO;
				ENABLE_STRICT_OBJC_MSGSEND = YES;
				GCC_C_LANGUAGE_STANDARD = gnu11;
				GCC_NO_COMMON_BLOCKS = YES;
				GCC_WARN_64_TO_32_BIT_CONVERSION = YES;
				GCC_WARN_ABOUT_RETURN_TYPE = YES_ERROR;
				GCC_WARN_UNDECLARED_SELECTOR = YES;
				GCC_WARN_UNINITIALIZED_AUTOS = YES_AGGRESSIVE;
				GCC_WARN_UNUSED_FUNCTION = YES;
				GCC_WARN_UNUSED_VARIABLE = YES;
				IPHONEOS_DEPLOYMENT_TARGET = 15.0;
				MTL_ENABLE_DEBUG_INFO = NO;
				MTL_FAST_MATH = YES;
				SDKROOT = iphoneos;
				SWIFT_COMPILATION_MODE = wholemodule;
				SWIFT_OPTIMIZATION_LEVEL = "-O";
				VALIDATE_PRODUCT = YES;
			};
			name = Release;
		};
		D32B138B2738D8450039CC06 /* Debug */ = {
			isa = XCBuildConfiguration;
			buildSettings = {
				ASSETCATALOG_COMPILER_APPICON_NAME = AppIcon;
				ASSETCATALOG_COMPILER_GLOBAL_ACCENT_COLOR_NAME = AccentColor;
				CODE_SIGN_STYLE = Automatic;
				CURRENT_PROJECT_VERSION = 1;
				DEVELOPMENT_TEAM = LSUSGUW6L4;
				GENERATE_INFOPLIST_FILE = YES;
				INFOPLIST_FILE = Sporevo/Info.plist;
				INFOPLIST_KEY_UIApplicationSupportsIndirectInputEvents = YES;
				INFOPLIST_KEY_UILaunchStoryboardName = LaunchScreen;
				INFOPLIST_KEY_UISupportedInterfaceOrientations_iPad = "UIInterfaceOrientationPortrait UIInterfaceOrientationPortraitUpsideDown UIInterfaceOrientationLandscapeLeft UIInterfaceOrientationLandscapeRight";
				INFOPLIST_KEY_UISupportedInterfaceOrientations_iPhone = "UIInterfaceOrientationPortrait UIInterfaceOrientationLandscapeLeft UIInterfaceOrientationLandscapeRight";
				LD_RUNPATH_SEARCH_PATHS = (
					"$(inherited)",
					"@executable_path/Frameworks",
				);
				MARKETING_VERSION = 1.0;
				PRODUCT_BUNDLE_IDENTIFIER = com.mizuki.Sporevo;
				PRODUCT_NAME = "$(TARGET_NAME)";
				SWIFT_EMIT_LOC_STRINGS = YES;
				SWIFT_VERSION = 5.0;
				TARGETED_DEVICE_FAMILY = "1,2";
			};
			name = Debug;
		};
		D32B138C2738D8450039CC06 /* Release */ = {
			isa = XCBuildConfiguration;
			buildSettings = {
				ASSETCATALOG_COMPILER_APPICON_NAME = AppIcon;
				ASSETCATALOG_COMPILER_GLOBAL_ACCENT_COLOR_NAME = AccentColor;
				CODE_SIGN_STYLE = Automatic;
				CURRENT_PROJECT_VERSION = 1;
				DEVELOPMENT_TEAM = LSUSGUW6L4;
				GENERATE_INFOPLIST_FILE = YES;
				INFOPLIST_FILE = Sporevo/Info.plist;
				INFOPLIST_KEY_UIApplicationSupportsIndirectInputEvents = YES;
				INFOPLIST_KEY_UILaunchStoryboardName = LaunchScreen;
				INFOPLIST_KEY_UISupportedInterfaceOrientations_iPad = "UIInterfaceOrientationPortrait UIInterfaceOrientationPortraitUpsideDown UIInterfaceOrientationLandscapeLeft UIInterfaceOrientationLandscapeRight";
				INFOPLIST_KEY_UISupportedInterfaceOrientations_iPhone = "UIInterfaceOrientationPortrait UIInterfaceOrientationLandscapeLeft UIInterfaceOrientationLandscapeRight";
				LD_RUNPATH_SEARCH_PATHS = (
					"$(inherited)",
					"@executable_path/Frameworks",
				);
				MARKETING_VERSION = 1.0;
				PRODUCT_BUNDLE_IDENTIFIER = com.mizuki.Sporevo;
				PRODUCT_NAME = "$(TARGET_NAME)";
				SWIFT_EMIT_LOC_STRINGS = YES;
				SWIFT_VERSION = 5.0;
				TARGETED_DEVICE_FAMILY = "1,2";
			};
			name = Release;
		};
/* End XCBuildConfiguration section */

/* Begin XCConfigurationList section */
		D32B13712738D8430039CC06 /* Build configuration list for PBXProject "Sporevo" */ = {
			isa = XCConfigurationList;
			buildConfigurations = (
				D32B13882738D8450039CC06 /* Debug */,
				D32B13892738D8450039CC06 /* Release */,
			);
			defaultConfigurationIsVisible = 0;
			defaultConfigurationName = Release;
		};
		D32B138A2738D8450039CC06 /* Build configuration list for PBXNativeTarget "Sporevo" */ = {
			isa = XCConfigurationList;
			buildConfigurations = (
				D32B138B2738D8450039CC06 /* Debug */,
				D32B138C2738D8450039CC06 /* Release */,
			);
			defaultConfigurationIsVisible = 0;
			defaultConfigurationName = Release;
		};
/* End XCConfigurationList section */
	};
	rootObject = D32B136E2738D8430039CC06 /* Project object */;
}
